// !$*UTF8*$!
{
	archiveVersion = 1;
	classes = {
	};
	objectVersion = 56;
	objects = {

/* Begin PBXBuildFile section */
		0D825BCB2BE4EE970030200C /* MacAudioConverterApp.swift in Sources */ = {isa = PBXBuildFile; fileRef = 0D825BCA2BE4EE970030200C /* MacAudioConverterApp.swift */; };
		0D825BCD2BE4EE970030200C /* ConvertView.swift in Sources */ = {isa = PBXBuildFile; fileRef = 0D825BCC2BE4EE970030200C /* ConvertView.swift */; };
		0D825BCF2BE4EE980030200C /* Assets.xcassets in Resources */ = {isa = PBXBuildFile; fileRef = 0D825BCE2BE4EE980030200C /* Assets.xcassets */; };
		0D825BD22BE4EE980030200C /* Preview Assets.xcassets in Resources */ = {isa = PBXBuildFile; fileRef = 0D825BD12BE4EE980030200C /* Preview Assets.xcassets */; };
		0D825BDB2BE4EF7C0030200C /* DragAndDropView.swift in Sources */ = {isa = PBXBuildFile; fileRef = 0D825BDA2BE4EF7C0030200C /* DragAndDropView.swift */; };
		0D825BDD2BE4F26D0030200C /* ConversionManager.swift in Sources */ = {isa = PBXBuildFile; fileRef = 0D825BDC2BE4F26D0030200C /* ConversionManager.swift */; };
		0DA65C5C2BF4EBC500FFCEF7 /* TimeInterval+Extension.swift in Sources */ = {isa = PBXBuildFile; fileRef = 0DA65C5B2BF4EBC500FFCEF7 /* TimeInterval+Extension.swift */; };
		0DE7757C2BF21D3700813874 /* FileImported.swift in Sources */ = {isa = PBXBuildFile; fileRef = 0DE7757B2BF21D3700813874 /* FileImported.swift */; };
		0DE7757F2BF21D5600813874 /* CustomButtonStyle.swift in Sources */ = {isa = PBXBuildFile; fileRef = 0DE7757E2BF21D5600813874 /* CustomButtonStyle.swift */; };
		0DE775812BF220DE00813874 /* ConvertViewModel.swift in Sources */ = {isa = PBXBuildFile; fileRef = 0DE775802BF220DE00813874 /* ConvertViewModel.swift */; };
		0DE775832BF27C4900813874 /* AudioFileInfoUtils.swift in Sources */ = {isa = PBXBuildFile; fileRef = 0DE775822BF27C4900813874 /* AudioFileInfoUtils.swift */; };
		0DE775872BF28D1600813874 /* Strings.swift in Sources */ = {isa = PBXBuildFile; fileRef = 0DE775862BF28D1600813874 /* Strings.swift */; };
/* End PBXBuildFile section */

/* Begin PBXFileReference section */
		0D825BCA2BE4EE970030200C /* MacAudioConverterApp.swift */ = {isa = PBXFileReference; lastKnownFileType = sourcecode.swift; path = MacAudioConverterApp.swift; sourceTree = "<group>"; };
		0D825BCC2BE4EE970030200C /* ConvertView.swift */ = {isa = PBXFileReference; lastKnownFileType = sourcecode.swift; path = ConvertView.swift; sourceTree = "<group>"; };
		0D825BCE2BE4EE980030200C /* Assets.xcassets */ = {isa = PBXFileReference; lastKnownFileType = folder.assetcatalog; path = Assets.xcassets; sourceTree = "<group>"; };
		0D825BD12BE4EE980030200C /* Preview Assets.xcassets */ = {isa = PBXFileReference; lastKnownFileType = folder.assetcatalog; path = "Preview Assets.xcassets"; sourceTree = "<group>"; };
		0D825BD32BE4EE980030200C /* MacAudioConverter.entitlements */ = {isa = PBXFileReference; lastKnownFileType = text.plist.entitlements; path = MacAudioConverter.entitlements; sourceTree = "<group>"; };
		0D825BDA2BE4EF7C0030200C /* DragAndDropView.swift */ = {isa = PBXFileReference; lastKnownFileType = sourcecode.swift; path = DragAndDropView.swift; sourceTree = "<group>"; };
		0D825BDC2BE4F26D0030200C /* ConversionManager.swift */ = {isa = PBXFileReference; lastKnownFileType = sourcecode.swift; path = ConversionManager.swift; sourceTree = "<group>"; };
		0DA65C5B2BF4EBC500FFCEF7 /* TimeInterval+Extension.swift */ = {isa = PBXFileReference; lastKnownFileType = sourcecode.swift; path = "TimeInterval+Extension.swift"; sourceTree = "<group>"; };
		0DE7757A2BF2160600813874 /* MacAudioConverter.app */ = {isa = PBXFileReference; explicitFileType = wrapper.application; includeInIndex = 0; path = MacAudioConverter.app; sourceTree = BUILT_PRODUCTS_DIR; };
		0DE7757B2BF21D3700813874 /* FileImported.swift */ = {isa = PBXFileReference; lastKnownFileType = sourcecode.swift; path = FileImported.swift; sourceTree = "<group>"; };
		0DE7757E2BF21D5600813874 /* CustomButtonStyle.swift */ = {isa = PBXFileReference; lastKnownFileType = sourcecode.swift; path = CustomButtonStyle.swift; sourceTree = "<group>"; };
		0DE775802BF220DE00813874 /* ConvertViewModel.swift */ = {isa = PBXFileReference; lastKnownFileType = sourcecode.swift; path = ConvertViewModel.swift; sourceTree = "<group>"; };
		0DE775822BF27C4900813874 /* AudioFileInfoUtils.swift */ = {isa = PBXFileReference; lastKnownFileType = sourcecode.swift; path = AudioFileInfoUtils.swift; sourceTree = "<group>"; };
		0DE775862BF28D1600813874 /* Strings.swift */ = {isa = PBXFileReference; lastKnownFileType = sourcecode.swift; path = Strings.swift; sourceTree = "<group>"; };
/* End PBXFileReference section */

/* Begin PBXFrameworksBuildPhase section */
		0D825BC42BE4EE970030200C /* Frameworks */ = {
			isa = PBXFrameworksBuildPhase;
			buildActionMask = 2147483647;
			files = (
			);
			runOnlyForDeploymentPostprocessing = 0;
		};
/* End PBXFrameworksBuildPhase section */

/* Begin PBXGroup section */
		0D825BBE2BE4EE970030200C = {
			isa = PBXGroup;
			children = (
				0D825BC92BE4EE970030200C /* MacAudioConverter */,
				0DE7757A2BF2160600813874 /* MacAudioConverter.app */,
			);
			sourceTree = "<group>";
		};
		0D825BC92BE4EE970030200C /* MacAudioConverter */ = {
			isa = PBXGroup;
			children = (
				0DA65C582BF4EBA000FFCEF7 /* Extensions */,
				0D825BCA2BE4EE970030200C /* MacAudioConverterApp.swift */,
				0D825BCC2BE4EE970030200C /* ConvertView.swift */,
				0DE775802BF220DE00813874 /* ConvertViewModel.swift */,
				0D825BDC2BE4F26D0030200C /* ConversionManager.swift */,
				0D825BCE2BE4EE980030200C /* Assets.xcassets */,
				0D825BD32BE4EE980030200C /* MacAudioConverter.entitlements */,
				0DE7757D2BF21D4C00813874 /* UI */,
				0D825BD02BE4EE980030200C /* Preview Content */,
				0D825BDA2BE4EF7C0030200C /* DragAndDropView.swift */,
				0DE7757B2BF21D3700813874 /* FileImported.swift */,
				0DE775822BF27C4900813874 /* AudioFileInfoUtils.swift */,
				0DE775862BF28D1600813874 /* Strings.swift */,
			);
			path = MacAudioConverter;
			sourceTree = "<group>";
		};
		0D825BD02BE4EE980030200C /* Preview Content */ = {
			isa = PBXGroup;
			children = (
				0D825BD12BE4EE980030200C /* Preview Assets.xcassets */,
			);
			path = "Preview Content";
			sourceTree = "<group>";
		};
		0DA65C582BF4EBA000FFCEF7 /* Extensions */ = {
			isa = PBXGroup;
			children = (
				0DA65C5B2BF4EBC500FFCEF7 /* TimeInterval+Extension.swift */,
			);
			path = Extensions;
			sourceTree = "<group>";
		};
		0DE7757D2BF21D4C00813874 /* UI */ = {
			isa = PBXGroup;
			children = (
				0DE7757E2BF21D5600813874 /* CustomButtonStyle.swift */,
			);
			path = UI;
			sourceTree = "<group>";
		};
/* End PBXGroup section */

/* Begin PBXNativeTarget section */
		0D825BC62BE4EE970030200C /* MacAudioConverter */ = {
			isa = PBXNativeTarget;
			buildConfigurationList = 0D825BD62BE4EE980030200C /* Build configuration list for PBXNativeTarget "MacAudioConverter" */;
			buildPhases = (
				0D825BC32BE4EE970030200C /* Sources */,
				0D825BC42BE4EE970030200C /* Frameworks */,
				0D825BC52BE4EE970030200C /* Resources */,
			);
			buildRules = (
			);
			dependencies = (
			);
			name = MacAudioConverter;
			productName = MacAudioConverter;
			productReference = 0DE7757A2BF2160600813874 /* MacAudioConverter.app */;
			productType = "com.apple.product-type.application";
		};
/* End PBXNativeTarget section */

/* Begin PBXProject section */
		0D825BBF2BE4EE970030200C /* Project object */ = {
			isa = PBXProject;
			attributes = {
				BuildIndependentTargetsInParallel = 1;
				LastSwiftUpdateCheck = 1530;
				LastUpgradeCheck = 1530;
				TargetAttributes = {
					0D825BC62BE4EE970030200C = {
						CreatedOnToolsVersion = 15.3;
					};
				};
			};
			buildConfigurationList = 0D825BC22BE4EE970030200C /* Build configuration list for PBXProject "MacAudioConverter" */;
			compatibilityVersion = "Xcode 14.0";
			developmentRegion = en;
			hasScannedForEncodings = 0;
			knownRegions = (
				en,
				Base,
			);
			mainGroup = 0D825BBE2BE4EE970030200C;
			packageReferences = (
			);
			productRefGroup = 0D825BBE2BE4EE970030200C;
			projectDirPath = "";
			projectRoot = "";
			targets = (
				0D825BC62BE4EE970030200C /* MacAudioConverter */,
			);
		};
/* End PBXProject section */

/* Begin PBXResourcesBuildPhase section */
		0D825BC52BE4EE970030200C /* Resources */ = {
			isa = PBXResourcesBuildPhase;
			buildActionMask = 2147483647;
			files = (
				0D825BD22BE4EE980030200C /* Preview Assets.xcassets in Resources */,
				0D825BCF2BE4EE980030200C /* Assets.xcassets in Resources */,
			);
			runOnlyForDeploymentPostprocessing = 0;
		};
/* End PBXResourcesBuildPhase section */

/* Begin PBXSourcesBuildPhase section */
		0D825BC32BE4EE970030200C /* Sources */ = {
			isa = PBXSourcesBuildPhase;
			buildActionMask = 2147483647;
			files = (
				0DE7757F2BF21D5600813874 /* CustomButtonStyle.swift in Sources */,
				0DE775872BF28D1600813874 /* Strings.swift in Sources */,
				0D825BCD2BE4EE970030200C /* ConvertView.swift in Sources */,
				0D825BDB2BE4EF7C0030200C /* DragAndDropView.swift in Sources */,
				0DE7757C2BF21D3700813874 /* FileImported.swift in Sources */,
				0DE775832BF27C4900813874 /* AudioFileInfoUtils.swift in Sources */,
				0D825BCB2BE4EE970030200C /* MacAudioConverterApp.swift in Sources */,
				0DA65C5C2BF4EBC500FFCEF7 /* TimeInterval+Extension.swift in Sources */,
				0DE775812BF220DE00813874 /* ConvertViewModel.swift in Sources */,
				0D825BDD2BE4F26D0030200C /* ConversionManager.swift in Sources */,
			);
			runOnlyForDeploymentPostprocessing = 0;
		};
/* End PBXSourcesBuildPhase section */

/* Begin XCBuildConfiguration section */
		0D825BD42BE4EE980030200C /* Debug */ = {
			isa = XCBuildConfiguration;
			buildSettings = {
				ALWAYS_SEARCH_USER_PATHS = NO;
				ASSETCATALOG_COMPILER_GENERATE_SWIFT_ASSET_SYMBOL_EXTENSIONS = YES;
				CLANG_ANALYZER_NONNULL = YES;
				CLANG_ANALYZER_NUMBER_OBJECT_CONVERSION = YES_AGGRESSIVE;
				CLANG_CXX_LANGUAGE_STANDARD = "gnu++20";
				CLANG_ENABLE_MODULES = YES;
				CLANG_ENABLE_OBJC_ARC = YES;
				CLANG_ENABLE_OBJC_WEAK = YES;
				CLANG_WARN_BLOCK_CAPTURE_AUTORELEASING = YES;
				CLANG_WARN_BOOL_CONVERSION = YES;
				CLANG_WARN_COMMA = YES;
				CLANG_WARN_CONSTANT_CONVERSION = YES;
				CLANG_WARN_DEPRECATED_OBJC_IMPLEMENTATIONS = YES;
				CLANG_WARN_DIRECT_OBJC_ISA_USAGE = YES_ERROR;
				CLANG_WARN_DOCUMENTATION_COMMENTS = YES;
				CLANG_WARN_EMPTY_BODY = YES;
				CLANG_WARN_ENUM_CONVERSION = YES;
				CLANG_WARN_INFINITE_RECURSION = YES;
				CLANG_WARN_INT_CONVERSION = YES;
				CLANG_WARN_NON_LITERAL_NULL_CONVERSION = YES;
				CLANG_WARN_OBJC_IMPLICIT_RETAIN_SELF = YES;
				CLANG_WARN_OBJC_LITERAL_CONVERSION = YES;
				CLANG_WARN_OBJC_ROOT_CLASS = YES_ERROR;
				CLANG_WARN_QUOTED_INCLUDE_IN_FRAMEWORK_HEADER = YES;
				CLANG_WARN_RANGE_LOOP_ANALYSIS = YES;
				CLANG_WARN_STRICT_PROTOTYPES = YES;
				CLANG_WARN_SUSPICIOUS_MOVE = YES;
				CLANG_WARN_UNGUARDED_AVAILABILITY = YES_AGGRESSIVE;
				CLANG_WARN_UNREACHABLE_CODE = YES;
				CLANG_WARN__DUPLICATE_METHOD_MATCH = YES;
				COPY_PHASE_STRIP = NO;
				DEBUG_INFORMATION_FORMAT = dwarf;
				ENABLE_STRICT_OBJC_MSGSEND = YES;
				ENABLE_TESTABILITY = YES;
				ENABLE_USER_SCRIPT_SANDBOXING = YES;
				GCC_C_LANGUAGE_STANDARD = gnu17;
				GCC_DYNAMIC_NO_PIC = NO;
				GCC_NO_COMMON_BLOCKS = YES;
				GCC_OPTIMIZATION_LEVEL = 0;
				GCC_PREPROCESSOR_DEFINITIONS = (
					"DEBUG=1",
					"$(inherited)",
				);
				GCC_WARN_64_TO_32_BIT_CONVERSION = YES;
				GCC_WARN_ABOUT_RETURN_TYPE = YES_ERROR;
				GCC_WARN_UNDECLARED_SELECTOR = YES;
				GCC_WARN_UNINITIALIZED_AUTOS = YES_AGGRESSIVE;
				GCC_WARN_UNUSED_FUNCTION = YES;
				GCC_WARN_UNUSED_VARIABLE = YES;
				LOCALIZATION_PREFERS_STRING_CATALOGS = YES;
				MACOSX_DEPLOYMENT_TARGET = 14.0;
				MTL_ENABLE_DEBUG_INFO = INCLUDE_SOURCE;
				MTL_FAST_MATH = YES;
				ONLY_ACTIVE_ARCH = YES;
				SDKROOT = macosx;
				SWIFT_ACTIVE_COMPILATION_CONDITIONS = "DEBUG $(inherited)";
				SWIFT_OBJC_BRIDGING_HEADER = "";
				SWIFT_OPTIMIZATION_LEVEL = "-Onone";
			};
			name = Debug;
		};
		0D825BD52BE4EE980030200C /* Release */ = {
			isa = XCBuildConfiguration;
			buildSettings = {
				ALWAYS_SEARCH_USER_PATHS = NO;
				ASSETCATALOG_COMPILER_GENERATE_SWIFT_ASSET_SYMBOL_EXTENSIONS = YES;
				CLANG_ANALYZER_NONNULL = YES;
				CLANG_ANALYZER_NUMBER_OBJECT_CONVERSION = YES_AGGRESSIVE;
				CLANG_CXX_LANGUAGE_STANDARD = "gnu++20";
				CLANG_ENABLE_MODULES = YES;
				CLANG_ENABLE_OBJC_ARC = YES;
				CLANG_ENABLE_OBJC_WEAK = YES;
				CLANG_WARN_BLOCK_CAPTURE_AUTORELEASING = YES;
				CLANG_WARN_BOOL_CONVERSION = YES;
				CLANG_WARN_COMMA = YES;
				CLANG_WARN_CONSTANT_CONVERSION = YES;
				CLANG_WARN_DEPRECATED_OBJC_IMPLEMENTATIONS = YES;
				CLANG_WARN_DIRECT_OBJC_ISA_USAGE = YES_ERROR;
				CLANG_WARN_DOCUMENTATION_COMMENTS = YES;
				CLANG_WARN_EMPTY_BODY = YES;
				CLANG_WARN_ENUM_CONVERSION = YES;
				CLANG_WARN_INFINITE_RECURSION = YES;
				CLANG_WARN_INT_CONVERSION = YES;
				CLANG_WARN_NON_LITERAL_NULL_CONVERSION = YES;
				CLANG_WARN_OBJC_IMPLICIT_RETAIN_SELF = YES;
				CLANG_WARN_OBJC_LITERAL_CONVERSION = YES;
				CLANG_WARN_OBJC_ROOT_CLASS = YES_ERROR;
				CLANG_WARN_QUOTED_INCLUDE_IN_FRAMEWORK_HEADER = YES;
				CLANG_WARN_RANGE_LOOP_ANALYSIS = YES;
				CLANG_WARN_STRICT_PROTOTYPES = YES;
				CLANG_WARN_SUSPICIOUS_MOVE = YES;
				CLANG_WARN_UNGUARDED_AVAILABILITY = YES_AGGRESSIVE;
				CLANG_WARN_UNREACHABLE_CODE = YES;
				CLANG_WARN__DUPLICATE_METHOD_MATCH = YES;
				COPY_PHASE_STRIP = NO;
				DEBUG_INFORMATION_FORMAT = "dwarf-with-dsym";
				ENABLE_NS_ASSERTIONS = NO;
				ENABLE_STRICT_OBJC_MSGSEND = YES;
				ENABLE_USER_SCRIPT_SANDBOXING = YES;
				GCC_C_LANGUAGE_STANDARD = gnu17;
				GCC_NO_COMMON_BLOCKS = YES;
				GCC_WARN_64_TO_32_BIT_CONVERSION = YES;
				GCC_WARN_ABOUT_RETURN_TYPE = YES_ERROR;
				GCC_WARN_UNDECLARED_SELECTOR = YES;
				GCC_WARN_UNINITIALIZED_AUTOS = YES_AGGRESSIVE;
				GCC_WARN_UNUSED_FUNCTION = YES;
				GCC_WARN_UNUSED_VARIABLE = YES;
				LOCALIZATION_PREFERS_STRING_CATALOGS = YES;
				MACOSX_DEPLOYMENT_TARGET = 14.0;
				MTL_ENABLE_DEBUG_INFO = NO;
				MTL_FAST_MATH = YES;
				SDKROOT = macosx;
				SWIFT_COMPILATION_MODE = wholemodule;
				SWIFT_OBJC_BRIDGING_HEADER = "";
			};
			name = Release;
		};
		0D825BD72BE4EE980030200C /* Debug */ = {
			isa = XCBuildConfiguration;
			buildSettings = {
				ASSETCATALOG_COMPILER_APPICON_NAME = AppIcon;
				ASSETCATALOG_COMPILER_GLOBAL_ACCENT_COLOR_NAME = AccentColor;
				CODE_SIGN_ENTITLEMENTS = MacAudioConverter/MacAudioConverter.entitlements;
				CODE_SIGN_IDENTITY = "Apple Development";
				CODE_SIGN_STYLE = Automatic;
				COMBINE_HIDPI_IMAGES = YES;
				CURRENT_PROJECT_VERSION = 1;
				DEVELOPMENT_ASSET_PATHS = "\"MacAudioConverter/Preview Content\"";
				DEVELOPMENT_TEAM = 3J49E9V962;
				ENABLE_HARDENED_RUNTIME = YES;
				ENABLE_PREVIEWS = YES;
				GENERATE_INFOPLIST_FILE = YES;
				INFOPLIST_KEY_NSHumanReadableCopyright = "";
				LD_RUNPATH_SEARCH_PATHS = (
					"$(inherited)",
					"@executable_path/../Frameworks",
				);
				MARKETING_VERSION = 1.0;
				PRODUCT_BUNDLE_IDENTIFIER = julienagostini.MacAudioConverter;
				PRODUCT_NAME = "$(TARGET_NAME)";
				PROVISIONING_PROFILE_SPECIFIER = "";
				SWIFT_ACTIVE_COMPILATION_CONDITIONS = DEBUG;
				SWIFT_EMIT_LOC_STRINGS = YES;
				SWIFT_VERSION = 5.0;
			};
			name = Debug;
		};
		0D825BD82BE4EE980030200C /* Release */ = {
			isa = XCBuildConfiguration;
			buildSettings = {
				ASSETCATALOG_COMPILER_APPICON_NAME = AppIcon;
				ASSETCATALOG_COMPILER_GLOBAL_ACCENT_COLOR_NAME = AccentColor;
				CODE_SIGN_ENTITLEMENTS = MacAudioConverter/MacAudioConverter.entitlements;
				CODE_SIGN_IDENTITY = "Apple Development";
				CODE_SIGN_STYLE = Automatic;
				COMBINE_HIDPI_IMAGES = YES;
				CURRENT_PROJECT_VERSION = 1;
				DEVELOPMENT_ASSET_PATHS = "\"MacAudioConverter/Preview Content\"";
				DEVELOPMENT_TEAM = 3J49E9V962;
				ENABLE_HARDENED_RUNTIME = YES;
				ENABLE_PREVIEWS = YES;
				GENERATE_INFOPLIST_FILE = YES;
				INFOPLIST_KEY_NSHumanReadableCopyright = "";
				LD_RUNPATH_SEARCH_PATHS = (
					"$(inherited)",
					"@executable_path/../Frameworks",
				);
				MARKETING_VERSION = 1.0;
				PRODUCT_BUNDLE_IDENTIFIER = julienagostini.MacAudioConverter;
				PRODUCT_NAME = "$(TARGET_NAME)";
				PROVISIONING_PROFILE_SPECIFIER = "";
				SWIFT_ACTIVE_COMPILATION_CONDITIONS = DEBUG;
				SWIFT_EMIT_LOC_STRINGS = YES;
				SWIFT_VERSION = 5.0;
			};
			name = Release;
		};
/* End XCBuildConfiguration section */

/* Begin XCConfigurationList section */
		0D825BC22BE4EE970030200C /* Build configuration list for PBXProject "MacAudioConverter" */ = {
			isa = XCConfigurationList;
			buildConfigurations = (
				0D825BD42BE4EE980030200C /* Debug */,
				0D825BD52BE4EE980030200C /* Release */,
			);
			defaultConfigurationIsVisible = 0;
			defaultConfigurationName = Release;
		};
		0D825BD62BE4EE980030200C /* Build configuration list for PBXNativeTarget "MacAudioConverter" */ = {
			isa = XCConfigurationList;
			buildConfigurations = (
				0D825BD72BE4EE980030200C /* Debug */,
				0D825BD82BE4EE980030200C /* Release */,
			);
			defaultConfigurationIsVisible = 0;
			defaultConfigurationName = Release;
		};
/* End XCConfigurationList section */
	};
	rootObject = 0D825BBF2BE4EE970030200C /* Project object */;
}
